
Microsoft Visual Studio Solution File, Format Version 12.00
# Visual Studio 2017
Project("{FAE04EC0-301F-11D3-BF4B-00C04F79EFBC}") = "GrimHeart", "GrimHeart.csproj", "{F56BAA7E-ECCB-56B8-8A65-36285BBEE646}"
EndProject
Project("{FAE04EC0-301F-11D3-BF4B-00C04F79EFBC}") = "GrimHeart.Plugins", "GrimHeart.Plugins.csproj", "{4274EF46-7382-A725-B467-49768A59AD1C}"
EndProject
Project("{FAE04EC0-301F-11D3-BF4B-00C04F79EFBC}") = "GrimHeart.Editor.Plugins", "GrimHeart.Editor.Plugins.csproj", "{E56B4B3D-1701-76BE-F2B1-1DA62817FD9F}"
EndProject
Project("{FAE04EC0-301F-11D3-BF4B-00C04F79EFBC}") = "GrimHeart.Editor", "GrimHeart.Editor.csproj", "{D5E0EB0E-6BED-C089-7A2E-A100DC30099D}"
EndProject
Global
	GlobalSection(SolutionConfigurationPlatforms) = preSolution
		Debug|Any CPU = Debug|Any CPU
		Release|Any CPU = Release|Any CPU
	EndGlobalSection
	GlobalSection(ProjectConfigurationPlatforms) = postSolution
		{F56BAA7E-ECCB-56B8-8A65-36285BBEE646}.Debug|Any CPU.ActiveCfg = Debug|Any CPU
		{F56BAA7E-ECCB-56B8-8A65-36285BBEE646}.Debug|Any CPU.Build.0 = Debug|Any CPU
		{F56BAA7E-ECCB-56B8-8A65-36285BBEE646}.Release|Any CPU.ActiveCfg = Release|Any CPU
		{F56BAA7E-ECCB-56B8-8A65-36285BBEE646}.Release|Any CPU.Build.0 = Release|Any CPU
		{4274EF46-7382-A725-B467-49768A59AD1C}.Debug|Any CPU.ActiveCfg = Debug|Any CPU
		{4274EF46-7382-A725-B467-49768A59AD1C}.Debug|Any CPU.Build.0 = Debug|Any CPU
		{4274EF46-7382-A725-B467-49768A59AD1C}.Release|Any CPU.ActiveCfg = Release|Any CPU
		{4274EF46-7382-A725-B467-49768A59AD1C}.Release|Any CPU.Build.0 = Release|Any CPU
		{E56B4B3D-1701-76BE-F2B1-1DA62817FD9F}.Debug|Any CPU.ActiveCfg = Debug|Any CPU
		{E56B4B3D-1701-76BE-F2B1-1DA62817FD9F}.Debug|Any CPU.Build.0 = Debug|Any CPU
		{E56B4B3D-1701-76BE-F2B1-1DA62817FD9F}.Release|Any CPU.ActiveCfg = Release|Any CPU
		{E56B4B3D-1701-76BE-F2B1-1DA62817FD9F}.Release|Any CPU.Build.0 = Release|Any CPU
		{D5E0EB0E-6BED-C089-7A2E-A100DC30099D}.Debug|Any CPU.ActiveCfg = Debug|Any CPU
		{D5E0EB0E-6BED-C089-7A2E-A100DC30099D}.Debug|Any CPU.Build.0 = Debug|Any CPU
		{D5E0EB0E-6BED-C089-7A2E-A100DC30099D}.Release|Any CPU.ActiveCfg = Release|Any CPU
		{D5E0EB0E-6BED-C089-7A2E-A100DC30099D}.Release|Any CPU.Build.0 = Release|Any CPU
	EndGlobalSection
	GlobalSection(SolutionProperties) = preSolution
		HideSolutionNode = FALSE
	EndGlobalSection
EndGlobal
