
Microsoft Visual Studio Solution File, Format Version 12.00
# Visual Studio 2017
Project("{FAE04EC0-301F-11D3-BF4B-00C04F79EFBC}") = "WoT 2.0", "WoT 2.0.csproj", "{BFA0EAE3-5FCD-EB00-D849-A8E7BAA656D0}"
EndProject
Project("{FAE04EC0-301F-11D3-BF4B-00C04F79EFBC}") = "WoT 2.0.Plugins", "WoT 2.0.Plugins.csproj", "{5E971B1C-DFBF-2AD4-7E43-F940F7388908}"
EndProject
Project("{FAE04EC0-301F-11D3-BF4B-00C04F79EFBC}") = "WoT 2.0.Editor.Plugins", "WoT 2.0.Editor.Plugins.csproj", "{FEDDFC7F-28A0-A1D5-4935-F502C17EB61F}"
EndProject
Project("{FAE04EC0-301F-11D3-BF4B-00C04F79EFBC}") = "WoT 2.0.Editor", "WoT 2.0.Editor.csproj", "{BD73C423-D4E3-DFBF-2D13-D08C54D4695E}"
EndProject
Global
	GlobalSection(SolutionConfigurationPlatforms) = preSolution
		Debug|Any CPU = Debug|Any CPU
		Release|Any CPU = Release|Any CPU
	EndGlobalSection
	GlobalSection(ProjectConfigurationPlatforms) = postSolution
		{BFA0EAE3-5FCD-EB00-D849-A8E7BAA656D0}.Debug|Any CPU.ActiveCfg = Debug|Any CPU
		{BFA0EAE3-5FCD-EB00-D849-A8E7BAA656D0}.Debug|Any CPU.Build.0 = Debug|Any CPU
		{BFA0EAE3-5FCD-EB00-D849-A8E7BAA656D0}.Release|Any CPU.ActiveCfg = Release|Any CPU
		{BFA0EAE3-5FCD-EB00-D849-A8E7BAA656D0}.Release|Any CPU.Build.0 = Release|Any CPU
		{5E971B1C-DFBF-2AD4-7E43-F940F7388908}.Debug|Any CPU.ActiveCfg = Debug|Any CPU
		{5E971B1C-DFBF-2AD4-7E43-F940F7388908}.Debug|Any CPU.Build.0 = Debug|Any CPU
		{5E971B1C-DFBF-2AD4-7E43-F940F7388908}.Release|Any CPU.ActiveCfg = Release|Any CPU
		{5E971B1C-DFBF-2AD4-7E43-F940F7388908}.Release|Any CPU.Build.0 = Release|Any CPU
		{FEDDFC7F-28A0-A1D5-4935-F502C17EB61F}.Debug|Any CPU.ActiveCfg = Debug|Any CPU
		{FEDDFC7F-28A0-A1D5-4935-F502C17EB61F}.Debug|Any CPU.Build.0 = Debug|Any CPU
		{FEDDFC7F-28A0-A1D5-4935-F502C17EB61F}.Release|Any CPU.ActiveCfg = Release|Any CPU
		{FEDDFC7F-28A0-A1D5-4935-F502C17EB61F}.Release|Any CPU.Build.0 = Release|Any CPU
		{BD73C423-D4E3-DFBF-2D13-D08C54D4695E}.Debug|Any CPU.ActiveCfg = Debug|Any CPU
		{BD73C423-D4E3-DFBF-2D13-D08C54D4695E}.Debug|Any CPU.Build.0 = Debug|Any CPU
		{BD73C423-D4E3-DFBF-2D13-D08C54D4695E}.Release|Any CPU.ActiveCfg = Release|Any CPU
		{BD73C423-D4E3-DFBF-2D13-D08C54D4695E}.Release|Any CPU.Build.0 = Release|Any CPU
	EndGlobalSection
	GlobalSection(SolutionProperties) = preSolution
		HideSolutionNode = FALSE
	EndGlobalSection
EndGlobal
